
Microsoft Visual Studio Solution File, Format Version 12.00
# Visual Studio 14
VisualStudioVersion = 14.0.25420.1
MinimumVisualStudioVersion = 10.0.40219.1
Project("{FAE04EC0-301F-11D3-BF4B-00C04F79EFBC}") = "Assistence_Control", "Assistence_Control\Assistence_Control.csproj", "{743D3DEC-3994-4DCC-A63B-1C94D9DF2CCD}"
EndProject
Project("{FAE04EC0-301F-11D3-BF4B-00C04F79EFBC}") = "Assistance_ControlBLL", "Assistance_ControlBLL\Assistance_ControlBLL.csproj", "{DE860222-791B-43B6-981C-172C499D2E81}"
EndProject
Global
	GlobalSection(SolutionConfigurationPlatforms) = preSolution
		Debug|Any CPU = Debug|Any CPU
		Debug|ARM = Debug|ARM
		Debug|x64 = Debug|x64
		Debug|x86 = Debug|x86
		Release|Any CPU = Release|Any CPU
		Release|ARM = Release|ARM
		Release|x64 = Release|x64
		Release|x86 = Release|x86
	EndGlobalSection
	GlobalSection(ProjectConfigurationPlatforms) = postSolution
		{743D3DEC-3994-4DCC-A63B-1C94D9DF2CCD}.Debug|Any CPU.ActiveCfg = Debug|x86
		{743D3DEC-3994-4DCC-A63B-1C94D9DF2CCD}.Debug|ARM.ActiveCfg = Debug|ARM
		{743D3DEC-3994-4DCC-A63B-1C94D9DF2CCD}.Debug|ARM.Build.0 = Debug|ARM
		{743D3DEC-3994-4DCC-A63B-1C94D9DF2CCD}.Debug|ARM.Deploy.0 = Debug|ARM
		{743D3DEC-3994-4DCC-A63B-1C94D9DF2CCD}.Debug|x64.ActiveCfg = Debug|x64
		{743D3DEC-3994-4DCC-A63B-1C94D9DF2CCD}.Debug|x64.Build.0 = Debug|x64
		{743D3DEC-3994-4DCC-A63B-1C94D9DF2CCD}.Debug|x64.Deploy.0 = Debug|x64
		{743D3DEC-3994-4DCC-A63B-1C94D9DF2CCD}.Debug|x86.ActiveCfg = Debug|x86
		{743D3DEC-3994-4DCC-A63B-1C94D9DF2CCD}.Debug|x86.Build.0 = Debug|x86
		{743D3DEC-3994-4DCC-A63B-1C94D9DF2CCD}.Debug|x86.Deploy.0 = Debug|x86
		{743D3DEC-3994-4DCC-A63B-1C94D9DF2CCD}.Release|Any CPU.ActiveCfg = Release|x86
		{743D3DEC-3994-4DCC-A63B-1C94D9DF2CCD}.Release|ARM.ActiveCfg = Release|ARM
		{743D3DEC-3994-4DCC-A63B-1C94D9DF2CCD}.Release|ARM.Build.0 = Release|ARM
		{743D3DEC-3994-4DCC-A63B-1C94D9DF2CCD}.Release|ARM.Deploy.0 = Release|ARM
		{743D3DEC-3994-4DCC-A63B-1C94D9DF2CCD}.Release|x64.ActiveCfg = Release|x64
		{743D3DEC-3994-4DCC-A63B-1C94D9DF2CCD}.Release|x64.Build.0 = Release|x64
		{743D3DEC-3994-4DCC-A63B-1C94D9DF2CCD}.Release|x64.Deploy.0 = Release|x64
		{743D3DEC-3994-4DCC-A63B-1C94D9DF2CCD}.Release|x86.ActiveCfg = Release|x86
		{743D3DEC-3994-4DCC-A63B-1C94D9DF2CCD}.Release|x86.Build.0 = Release|x86
		{743D3DEC-3994-4DCC-A63B-1C94D9DF2CCD}.Release|x86.Deploy.0 = Release|x86
		{DE860222-791B-43B6-981C-172C499D2E81}.Debug|Any CPU.ActiveCfg = Debug|Any CPU
		{DE860222-791B-43B6-981C-172C499D2E81}.Debug|Any CPU.Build.0 = Debug|Any CPU
		{DE860222-791B-43B6-981C-172C499D2E81}.Debug|ARM.ActiveCfg = Debug|Any CPU
		{DE860222-791B-43B6-981C-172C499D2E81}.Debug|ARM.Build.0 = Debug|Any CPU
		{DE860222-791B-43B6-981C-172C499D2E81}.Debug|x64.ActiveCfg = Debug|Any CPU
		{DE860222-791B-43B6-981C-172C499D2E81}.Debug|x64.Build.0 = Debug|Any CPU
		{DE860222-791B-43B6-981C-172C499D2E81}.Debug|x86.ActiveCfg = Debug|Any CPU
		{DE860222-791B-43B6-981C-172C499D2E81}.Debug|x86.Build.0 = Debug|Any CPU
		{DE860222-791B-43B6-981C-172C499D2E81}.Release|Any CPU.ActiveCfg = Release|Any CPU
		{DE860222-791B-43B6-981C-172C499D2E81}.Release|Any CPU.Build.0 = Release|Any CPU
		{DE860222-791B-43B6-981C-172C499D2E81}.Release|ARM.ActiveCfg = Release|Any CPU
		{DE860222-791B-43B6-981C-172C499D2E81}.Release|ARM.Build.0 = Release|Any CPU
		{DE860222-791B-43B6-981C-172C499D2E81}.Release|x64.ActiveCfg = Release|Any CPU
		{DE860222-791B-43B6-981C-172C499D2E81}.Release|x64.Build.0 = Release|Any CPU
		{DE860222-791B-43B6-981C-172C499D2E81}.Release|x86.ActiveCfg = Release|Any CPU
		{DE860222-791B-43B6-981C-172C499D2E81}.Release|x86.Build.0 = Release|Any CPU
	EndGlobalSection
	GlobalSection(SolutionProperties) = preSolution
		HideSolutionNode = FALSE
	EndGlobalSection
EndGlobal
